{
  "name": "nodejs",
  "version": "1.0.0",
  "lockfileVersion": 3,
  "requires": true,
  "packages": {
    "": {
      "name": "nodejs",
      "version": "1.0.0",
      "license": "ISC",
      "dependencies": {
        "@mariza0/ajs": "^1.0.0"
      }
    },
    "node_modules/@mariza0/ajs": {
      "version": "1.0.0",
      "resolved": "https://npm.pkg.github.com/download/@mariza0/ajs/1.0.0/d01d0f41a1141b9e287de25790792b0f0bff2e5d",
      "integrity": "sha512-ialJUt/WDTJaqGKfVtIU51Zn7DTIwE1Xj/hSxMZG+0GxI+CR/Qox66uJHSRT4hhTFyUR8O/nk0Oe28XpaWI7hQ==",
      "license": "ISC"
    }
  }
}
